
Microsoft Visual Studio Solution File, Format Version 12.00
# Visual Studio 15
VisualStudioVersion = 15.0.28307.852
MinimumVisualStudioVersion = 10.0.40219.1
Project("{8BC9CEB8-8B4A-11D0-8D11-00A0C91BC942}") = "MyString", "MyString\MyString.vcxproj", "{FE9C33A9-6DC1-4302-89A6-D5E146DD64B7}"
EndProject
Project("{8BC9CEB8-8B4A-11D0-8D11-00A0C91BC942}") = "TestMyString", "TestMyString\TestMyString.vcxproj", "{99308AC0-48C8-47B6-B43E-84A25C7A6F0E}"
EndProject
Project("{8BC9CEB8-8B4A-11D0-8D11-00A0C91BC942}") = "TestConsole", "TestConsole\TestConsole.vcxproj", "{A351F590-5BA2-4476-A001-29BD09C3DE17}"
EndProject
Global
	GlobalSection(SolutionConfigurationPlatforms) = preSolution
		Debug|x64 = Debug|x64
		Debug|x86 = Debug|x86
		Release|x64 = Release|x64
		Release|x86 = Release|x86
	EndGlobalSection
	GlobalSection(ProjectConfigurationPlatforms) = postSolution
		{FE9C33A9-6DC1-4302-89A6-D5E146DD64B7}.Debug|x64.ActiveCfg = Debug|x64
		{FE9C33A9-6DC1-4302-89A6-D5E146DD64B7}.Debug|x64.Build.0 = Debug|x64
		{FE9C33A9-6DC1-4302-89A6-D5E146DD64B7}.Debug|x86.ActiveCfg = Debug|Win32
		{FE9C33A9-6DC1-4302-89A6-D5E146DD64B7}.Debug|x86.Build.0 = Debug|Win32
		{FE9C33A9-6DC1-4302-89A6-D5E146DD64B7}.Release|x64.ActiveCfg = Release|x64
		{FE9C33A9-6DC1-4302-89A6-D5E146DD64B7}.Release|x64.Build.0 = Release|x64
		{FE9C33A9-6DC1-4302-89A6-D5E146DD64B7}.Release|x86.ActiveCfg = Release|Win32
		{FE9C33A9-6DC1-4302-89A6-D5E146DD64B7}.Release|x86.Build.0 = Release|Win32
		{99308AC0-48C8-47B6-B43E-84A25C7A6F0E}.Debug|x64.ActiveCfg = Debug|x64
		{99308AC0-48C8-47B6-B43E-84A25C7A6F0E}.Debug|x64.Build.0 = Debug|x64
		{99308AC0-48C8-47B6-B43E-84A25C7A6F0E}.Debug|x86.ActiveCfg = Debug|Win32
		{99308AC0-48C8-47B6-B43E-84A25C7A6F0E}.Debug|x86.Build.0 = Debug|Win32
		{99308AC0-48C8-47B6-B43E-84A25C7A6F0E}.Release|x64.ActiveCfg = Release|x64
		{99308AC0-48C8-47B6-B43E-84A25C7A6F0E}.Release|x64.Build.0 = Release|x64
		{99308AC0-48C8-47B6-B43E-84A25C7A6F0E}.Release|x86.ActiveCfg = Release|Win32
		{99308AC0-48C8-47B6-B43E-84A25C7A6F0E}.Release|x86.Build.0 = Release|Win32
		{A351F590-5BA2-4476-A001-29BD09C3DE17}.Debug|x64.ActiveCfg = Debug|x64
		{A351F590-5BA2-4476-A001-29BD09C3DE17}.Debug|x64.Build.0 = Debug|x64
		{A351F590-5BA2-4476-A001-29BD09C3DE17}.Debug|x86.ActiveCfg = Debug|Win32
		{A351F590-5BA2-4476-A001-29BD09C3DE17}.Debug|x86.Build.0 = Debug|Win32
		{A351F590-5BA2-4476-A001-29BD09C3DE17}.Release|x64.ActiveCfg = Release|x64
		{A351F590-5BA2-4476-A001-29BD09C3DE17}.Release|x64.Build.0 = Release|x64
		{A351F590-5BA2-4476-A001-29BD09C3DE17}.Release|x86.ActiveCfg = Release|Win32
		{A351F590-5BA2-4476-A001-29BD09C3DE17}.Release|x86.Build.0 = Release|Win32
	EndGlobalSection
	GlobalSection(SolutionProperties) = preSolution
		HideSolutionNode = FALSE
	EndGlobalSection
	GlobalSection(ExtensibilityGlobals) = postSolution
		SolutionGuid = {7CBFF2F6-C0BE-420C-A4E7-CEC1A67ADD89}
	EndGlobalSection
EndGlobal
